
Microsoft Visual Studio Solution File, Format Version 12.00
Project("{FAE04EC0-301F-11D3-BF4B-00C04F79EFBC}") = "WebAPI", "WebAPI\WebAPI.csproj", "{6852F74C-AB80-4735-9BB9-ADE405A0AD7B}"
	ProjectSection(ProjectDependencies) = postProject
		{BF3FB92A-B606-4F7B-82FE-DE64789DD494} = {BF3FB92A-B606-4F7B-82FE-DE64789DD494}
		{113CFFB0-2883-4512-986B-F5D8A65095D6} = {113CFFB0-2883-4512-986B-F5D8A65095D6}
	EndProjectSection
EndProject
Project("{FAE04EC0-301F-11D3-BF4B-00C04F79EFBC}") = "Core", "Core\Core.csproj", "{113CFFB0-2883-4512-986B-F5D8A65095D6}"
EndProject
Project("{FAE04EC0-301F-11D3-BF4B-00C04F79EFBC}") = "Db.Postgre", "Db.Postgre\Db.Postgre.csproj", "{BF3FB92A-B606-4F7B-82FE-DE64789DD494}"
	ProjectSection(ProjectDependencies) = postProject
		{113CFFB0-2883-4512-986B-F5D8A65095D6} = {113CFFB0-2883-4512-986B-F5D8A65095D6}
	EndProjectSection
EndProject
Project("{FAE04EC0-301F-11D3-BF4B-00C04F79EFBC}") = "Core.Tests.Unit", "Core.Tests.Unit\Core.Tests.Unit.csproj", "{A840D76B-D55F-4041-86C5-3B8405D65636}"
EndProject
Project("{FAE04EC0-301F-11D3-BF4B-00C04F79EFBC}") = "Db.Postgre.Tests.Unit", "Db.Postgre.Tests.Unit\Db.Postgre.Tests.Unit.csproj", "{509127A7-A2B1-4695-B2B9-827CFE2C55EB}"
	ProjectSection(ProjectDependencies) = postProject
		{BF3FB92A-B606-4F7B-82FE-DE64789DD494} = {BF3FB92A-B606-4F7B-82FE-DE64789DD494}
	EndProjectSection
EndProject
Global
	GlobalSection(SolutionConfigurationPlatforms) = preSolution
		Debug|Any CPU = Debug|Any CPU
		Release|Any CPU = Release|Any CPU
	EndGlobalSection
	GlobalSection(ProjectConfigurationPlatforms) = postSolution
		{6852F74C-AB80-4735-9BB9-ADE405A0AD7B}.Debug|Any CPU.ActiveCfg = Debug|Any CPU
		{6852F74C-AB80-4735-9BB9-ADE405A0AD7B}.Debug|Any CPU.Build.0 = Debug|Any CPU
		{6852F74C-AB80-4735-9BB9-ADE405A0AD7B}.Release|Any CPU.ActiveCfg = Release|Any CPU
		{6852F74C-AB80-4735-9BB9-ADE405A0AD7B}.Release|Any CPU.Build.0 = Release|Any CPU
		{113CFFB0-2883-4512-986B-F5D8A65095D6}.Debug|Any CPU.ActiveCfg = Debug|Any CPU
		{113CFFB0-2883-4512-986B-F5D8A65095D6}.Debug|Any CPU.Build.0 = Debug|Any CPU
		{113CFFB0-2883-4512-986B-F5D8A65095D6}.Release|Any CPU.ActiveCfg = Release|Any CPU
		{113CFFB0-2883-4512-986B-F5D8A65095D6}.Release|Any CPU.Build.0 = Release|Any CPU
		{BF3FB92A-B606-4F7B-82FE-DE64789DD494}.Debug|Any CPU.ActiveCfg = Debug|Any CPU
		{BF3FB92A-B606-4F7B-82FE-DE64789DD494}.Debug|Any CPU.Build.0 = Debug|Any CPU
		{BF3FB92A-B606-4F7B-82FE-DE64789DD494}.Release|Any CPU.ActiveCfg = Release|Any CPU
		{BF3FB92A-B606-4F7B-82FE-DE64789DD494}.Release|Any CPU.Build.0 = Release|Any CPU
		{A840D76B-D55F-4041-86C5-3B8405D65636}.Debug|Any CPU.ActiveCfg = Debug|Any CPU
		{A840D76B-D55F-4041-86C5-3B8405D65636}.Debug|Any CPU.Build.0 = Debug|Any CPU
		{A840D76B-D55F-4041-86C5-3B8405D65636}.Release|Any CPU.ActiveCfg = Release|Any CPU
		{A840D76B-D55F-4041-86C5-3B8405D65636}.Release|Any CPU.Build.0 = Release|Any CPU
		{509127A7-A2B1-4695-B2B9-827CFE2C55EB}.Debug|Any CPU.ActiveCfg = Debug|Any CPU
		{509127A7-A2B1-4695-B2B9-827CFE2C55EB}.Debug|Any CPU.Build.0 = Debug|Any CPU
		{509127A7-A2B1-4695-B2B9-827CFE2C55EB}.Release|Any CPU.ActiveCfg = Release|Any CPU
		{509127A7-A2B1-4695-B2B9-827CFE2C55EB}.Release|Any CPU.Build.0 = Release|Any CPU
	EndGlobalSection
EndGlobal
